{
  "name": "bovann-spot",
  "version": "1.0.0",
  "lockfileVersion": 3,
  "requires": true,
  "packages": {
    "": {
      "name": "bovann-spot",
      "version": "1.0.0",
      "license": "ISC",
      "dependencies": {
        "@fontsource/inter": "^5.3.0",
        "@fontsource/raleway": "^5.3.0",
        "@fontsource/roboto": "^5.3.0",
        "@fontsource/roboto-mono": "^5.3.0"
      }
    },
    "node_modules/@fontsource/inter": {
      "version": "5.3.0",
      "resolved": "https://registry.npmjs.org/@fontsource/inter/-/inter-5.3.0.tgz",
      "integrity": "sha512-RofMylZmjlJEfELXeNHFWBRcSs75rGU/6bV2S2jfnvv/3rPXPGe0LgUJTklcHZ9lM4OZmAVFhcJPnACfb91A3g==",
      "license": "OFL-1.1",
      "funding": {
        "url": "https://github.com/sponsors/ayuhito"
      }
    },
    "node_modules/@fontsource/raleway": {
      "version": "5.3.0",
      "resolved": "https://registry.npmjs.org/@fontsource/raleway/-/raleway-5.3.0.tgz",
      "integrity": "sha512-BTWr1I14Ji0DWpS/KCIq/CXcvxXWgMO73gynWpbYv7A5wlPhLevozgRmdPJvZmUf0fhH+Lju+F4nigJ6Ums24A==",
      "license": "OFL-1.1",
      "funding": {
        "url": "https://github.com/sponsors/ayuhito"
      }
    },
    "node_modules/@fontsource/roboto": {
      "version": "5.3.0",
      "resolved": "https://registry.npmjs.org/@fontsource/roboto/-/roboto-5.3.0.tgz",
      "integrity": "sha512-BapRJOWYP+LZ21zp+wBQjfpPYKRoxc4LspJ/RLuI+HSMBD5u/X4O+ESDrSvEqDSy0rAl7GwBJ+09mdc16cVQ1Q==",
      "license": "OFL-1.1",
      "funding": {
        "url": "https://github.com/sponsors/ayuhito"
      }
    },
    "node_modules/@fontsource/roboto-mono": {
      "version": "5.3.0",
      "resolved": "https://registry.npmjs.org/@fontsource/roboto-mono/-/roboto-mono-5.3.0.tgz",
      "integrity": "sha512-yhwplHMHW9dCk+1pZuERfcJe+K3rosGVZEoK0XktkxRSqQ9qsipSwwiuW2/8Qmtp9lzu3Ixa/ie4BMH3i8CkZQ==",
      "license": "OFL-1.1",
      "funding": {
        "url": "https://github.com/sponsors/ayuhito"
      }
    }
  }
}
